
Microsoft Visual Studio Solution File, Format Version 12.00
# Visual Studio Version 17
VisualStudioVersion = 17.7.34031.279
MinimumVisualStudioVersion = 10.0.40219.1
Project("{FAE04EC0-301F-11D3-BF4B-00C04F79EFBC}") = "CryptoCurrency", "CryptoCurrency\CryptoCurrency.csproj", "{90FA2645-6821-45EC-8DD6-53DAC8FBBC54}"
EndProject
Global
	GlobalSection(SolutionConfigurationPlatforms) = preSolution
		Debug|Any CPU = Debug|Any CPU
		Release|Any CPU = Release|Any CPU
	EndGlobalSection
	GlobalSection(ProjectConfigurationPlatforms) = postSolution
		{90FA2645-6821-45EC-8DD6-53DAC8FBBC54}.Debug|Any CPU.ActiveCfg = Debug|Any CPU
		{90FA2645-6821-45EC-8DD6-53DAC8FBBC54}.Debug|Any CPU.Build.0 = Debug|Any CPU
		{90FA2645-6821-45EC-8DD6-53DAC8FBBC54}.Release|Any CPU.ActiveCfg = Release|Any CPU
		{90FA2645-6821-45EC-8DD6-53DAC8FBBC54}.Release|Any CPU.Build.0 = Release|Any CPU
	EndGlobalSection
	GlobalSection(SolutionProperties) = preSolution
		HideSolutionNode = FALSE
	EndGlobalSection
	GlobalSection(ExtensibilityGlobals) = postSolution
		SolutionGuid = {AFB94B3A-4813-45F6-B30B-5D0349D8D78C}
	EndGlobalSection
EndGlobal
